
Microsoft Visual Studio Solution File, Format Version 12.00
# Visual Studio 15
VisualStudioVersion = 15.0.26014.0
MinimumVisualStudioVersion = 10.0.40219.1
Project("{FAE04EC0-301F-11D3-BF4B-00C04F79EFBC}") = "KataRomanCalculator", "KataRomanCalculator.csproj", "{E2199F8D-A471-466A-8C44-C54A0AC6DF42}"
EndProject
Project("{FAE04EC0-301F-11D3-BF4B-00C04F79EFBC}") = "KataRomanCalculatorTests", "..\KataRomanCalculatorTests\KataRomanCalculatorTests.csproj", "{63CE7041-4A53-4F0D-B76D-07BBAF8CD1BE}"
EndProject
Global
	GlobalSection(SolutionConfigurationPlatforms) = preSolution
		Debug|Any CPU = Debug|Any CPU
		Release|Any CPU = Release|Any CPU
	EndGlobalSection
	GlobalSection(ProjectConfigurationPlatforms) = postSolution
		{E2199F8D-A471-466A-8C44-C54A0AC6DF42}.Debug|Any CPU.ActiveCfg = Debug|Any CPU
		{E2199F8D-A471-466A-8C44-C54A0AC6DF42}.Debug|Any CPU.Build.0 = Debug|Any CPU
		{E2199F8D-A471-466A-8C44-C54A0AC6DF42}.Release|Any CPU.ActiveCfg = Release|Any CPU
		{E2199F8D-A471-466A-8C44-C54A0AC6DF42}.Release|Any CPU.Build.0 = Release|Any CPU
		{63CE7041-4A53-4F0D-B76D-07BBAF8CD1BE}.Debug|Any CPU.ActiveCfg = Debug|Any CPU
		{63CE7041-4A53-4F0D-B76D-07BBAF8CD1BE}.Debug|Any CPU.Build.0 = Debug|Any CPU
		{63CE7041-4A53-4F0D-B76D-07BBAF8CD1BE}.Release|Any CPU.ActiveCfg = Release|Any CPU
		{63CE7041-4A53-4F0D-B76D-07BBAF8CD1BE}.Release|Any CPU.Build.0 = Release|Any CPU
	EndGlobalSection
	GlobalSection(SolutionProperties) = preSolution
		HideSolutionNode = FALSE
	EndGlobalSection
EndGlobal
